
Microsoft Visual Studio Solution File, Format Version 12.00
# Visual Studio 15
VisualStudioVersion = 15.0.28307.106
MinimumVisualStudioVersion = 10.0.40219.1
Project("{FAE04EC0-301F-11D3-BF4B-00C04F79EFBC}") = "AI_Regression", "AI_Regression\AI_Regression.csproj", "{480AA341-80C1-487D-8956-CF753B3A0A92}"
EndProject
Global
	GlobalSection(SolutionConfigurationPlatforms) = preSolution
		Debug|Any CPU = Debug|Any CPU
		Release|Any CPU = Release|Any CPU
	EndGlobalSection
	GlobalSection(ProjectConfigurationPlatforms) = postSolution
		{480AA341-80C1-487D-8956-CF753B3A0A92}.Debug|Any CPU.ActiveCfg = Debug|Any CPU
		{480AA341-80C1-487D-8956-CF753B3A0A92}.Debug|Any CPU.Build.0 = Debug|Any CPU
		{480AA341-80C1-487D-8956-CF753B3A0A92}.Release|Any CPU.ActiveCfg = Release|Any CPU
		{480AA341-80C1-487D-8956-CF753B3A0A92}.Release|Any CPU.Build.0 = Release|Any CPU
	EndGlobalSection
	GlobalSection(SolutionProperties) = preSolution
		HideSolutionNode = FALSE
	EndGlobalSection
	GlobalSection(ExtensibilityGlobals) = postSolution
		SolutionGuid = {6C432648-6302-43AC-B737-FF778F433C65}
	EndGlobalSection
EndGlobal
